
Microsoft Visual Studio Solution File, Format Version 12.00
# Visual Studio Version 17
VisualStudioVersion = 17.11.35303.130
MinimumVisualStudioVersion = 10.0.40219.1
Project("{FAE04EC0-301F-11D3-BF4B-00C04F79EFBC}") = "ProjetoCadastroBD", "ProjetoCadastroBD\ProjetoCadastroBD.csproj", "{5924A701-569D-45B3-993E-C93B2EB6EE81}"
EndProject
Project("{FAE04EC0-301F-11D3-BF4B-00C04F79EFBC}") = "ProjetoTeste", "ProjetoTeste\ProjetoTeste.csproj", "{E3DFB55D-4FB3-4A91-A9F2-FBDBCDDEBC69}"
EndProject
Global
	GlobalSection(SolutionConfigurationPlatforms) = preSolution
		Debug|Any CPU = Debug|Any CPU
		Release|Any CPU = Release|Any CPU
	EndGlobalSection
	GlobalSection(ProjectConfigurationPlatforms) = postSolution
		{5924A701-569D-45B3-993E-C93B2EB6EE81}.Debug|Any CPU.ActiveCfg = Debug|Any CPU
		{5924A701-569D-45B3-993E-C93B2EB6EE81}.Debug|Any CPU.Build.0 = Debug|Any CPU
		{5924A701-569D-45B3-993E-C93B2EB6EE81}.Release|Any CPU.ActiveCfg = Release|Any CPU
		{5924A701-569D-45B3-993E-C93B2EB6EE81}.Release|Any CPU.Build.0 = Release|Any CPU
		{E3DFB55D-4FB3-4A91-A9F2-FBDBCDDEBC69}.Debug|Any CPU.ActiveCfg = Debug|Any CPU
		{E3DFB55D-4FB3-4A91-A9F2-FBDBCDDEBC69}.Debug|Any CPU.Build.0 = Debug|Any CPU
		{E3DFB55D-4FB3-4A91-A9F2-FBDBCDDEBC69}.Release|Any CPU.ActiveCfg = Release|Any CPU
		{E3DFB55D-4FB3-4A91-A9F2-FBDBCDDEBC69}.Release|Any CPU.Build.0 = Release|Any CPU
	EndGlobalSection
	GlobalSection(SolutionProperties) = preSolution
		HideSolutionNode = FALSE
	EndGlobalSection
	GlobalSection(ExtensibilityGlobals) = postSolution
		SolutionGuid = {5250368B-82C0-4C32-9006-46882ADFB62A}
	EndGlobalSection
EndGlobal
